<?xml version="1.0" encoding="utf-8"?>
<Project ToolsVersion="4.0" xmlns="http://schemas.microsoft.com/developer/msbuild/2003">
  <ItemGroup>
    <Filter Include="Source Files">
      <UniqueIdentifier>{4FC737F1-C7A5-4376-A066-2A32D752A2FF}</UniqueIdentifier>
      <Extensions>cpp;c;cc;cxx;c++;cppm;ixx;def;odl;idl;hpj;bat;asm;asmx</Extensions>
    </Filter>
    <Filter Include="Header Files">
      <UniqueIdentifier>{93995380-89BD-4b04-88EB-625FBE52EBFB}</UniqueIdentifier>
      <Extensions>h;hh;hpp;hxx;h++;hm;inl;inc;ipp;xsd</Extensions>
    </Filter>
    <Filter Include="Resource Files">
      <UniqueIdentifier>{67DA6AB6-F800-4c08-8B7A-83BB121AAD01}</UniqueIdentifier>
      <Extensions>rc;ico;cur;bmp;dlg;rc2;rct;bin;rgs;gif;jpg;jpeg;jpe;resx;tiff;tif;png;wav;mfcribbon-ms</Extensions>
    </Filter>
  </ItemGroup>
  <ItemGroup>
    <ClInclude Include="pch.h">
      <Filter>Header Files</Filter>
    </ClInclude>
    <ClInclude Include="Interface\APIInfo.h">
      <Filter>Header Files</Filter>
    </ClInclude>
    <ClInclude Include="Interface\BlendState.h">
      <Filter>Header Files</Filter>
    </ClInclude>
    <ClInclude Include="Interface\IBottomLevelAS.h">
      <Filter>Header Files</Filter>
    </ClInclude>
    <ClInclude Include="Interface\IBuffer.h">
      <Filter>Header Files</Filter>
    </ClInclude>
    <ClInclude Include="Interface\IBufferView.h">
      <Filter>Header Files</Filter>
    </ClInclude>
    <ClInclude Include="Interface\ICommandList.h">
      <Filter>Header Files</Filter>
    </ClInclude>
    <ClInclude Include="Interface\ICommandQueue.h">
      <Filter>Header Files</Filter>
    </ClInclude>
    <ClInclude Include="Interface\Constants.h">
      <Filter>Header Files</Filter>
    </ClInclude>
    <ClInclude Include="Interface\IDearchiver.h">
      <Filter>Header Files</Filter>
    </ClInclude>
    <ClInclude Include="Interface\DepthStencilState.h">
      <Filter>Header Files</Filter>
    </ClInclude>
    <ClInclude Include="Interface\IDeviceContext.h">
      <Filter>Header Files</Filter>
    </ClInclude>
    <ClInclude Include="Interface\IDeviceMemory.h">
      <Filter>Header Files</Filter>
    </ClInclude>
    <ClInclude Include="Interface\IDeviceObject.h">
      <Filter>Header Files</Filter>
    </ClInclude>
    <ClInclude Include="Interface\IEngineFactory.h">
      <Filter>Header Files</Filter>
    </ClInclude>
    <ClInclude Include="Interface\IFence.h">
      <Filter>Header Files</Filter>
    </ClInclude>
    <ClInclude Include="Interface\IFramebuffer.h">
      <Filter>Header Files</Filter>
    </ClInclude>
    <ClInclude Include="Interface\GraphicsTypes.h">
      <Filter>Header Files</Filter>
    </ClInclude>
    <ClInclude Include="Interface\GraphicsTypesX.hpp">
      <Filter>Header Files</Filter>
    </ClInclude>
    <ClInclude Include="Interface\InputLayout.h">
      <Filter>Header Files</Filter>
    </ClInclude>
    <ClInclude Include="Interface\LoadEngineDll.h">
      <Filter>Header Files</Filter>
    </ClInclude>
    <ClInclude Include="Interface\IPipelineResourceSignature.h">
      <Filter>Header Files</Filter>
    </ClInclude>
    <ClInclude Include="Interface\IPipelineState.h">
      <Filter>Header Files</Filter>
    </ClInclude>
    <ClInclude Include="Interface\IPipelineStateCache.h">
      <Filter>Header Files</Filter>
    </ClInclude>
    <ClInclude Include="Interface\IQuery.h">
      <Filter>Header Files</Filter>
    </ClInclude>
    <ClInclude Include="Interface\RasterizerState.h">
      <Filter>Header Files</Filter>
    </ClInclude>
    <ClInclude Include="Interface\IRenderDevice.h">
      <Filter>Header Files</Filter>
    </ClInclude>
    <ClInclude Include="Interface\IRenderPass.h">
      <Filter>Header Files</Filter>
    </ClInclude>
    <ClInclude Include="Interface\IResourceMapping.h">
      <Filter>Header Files</Filter>
    </ClInclude>
    <ClInclude Include="Interface\ISampler.h">
      <Filter>Header Files</Filter>
    </ClInclude>
    <ClInclude Include="Interface\IShader.h">
      <Filter>Header Files</Filter>
    </ClInclude>
    <ClInclude Include="Interface\IShaderBindingTable.h">
      <Filter>Header Files</Filter>
    </ClInclude>
    <ClInclude Include="Interface\IShaderResourceBinding.h">
      <Filter>Header Files</Filter>
    </ClInclude>
    <ClInclude Include="Interface\IShaderResourceVariable.h">
      <Filter>Header Files</Filter>
    </ClInclude>
    <ClInclude Include="Interface\ISwapChain.h">
      <Filter>Header Files</Filter>
    </ClInclude>
    <ClInclude Include="Interface\ITexture.h">
      <Filter>Header Files</Filter>
    </ClInclude>
    <ClInclude Include="Interface\ITextureView.h">
      <Filter>Header Files</Filter>
    </ClInclude>
    <ClInclude Include="Interface\ITopLevelAS.h">
      <Filter>Header Files</Filter>
    </ClInclude>
    <ClInclude Include="Public\BottomLevelASBase.hpp">
      <Filter>Header Files</Filter>
    </ClInclude>
    <ClInclude Include="Public\BufferBase.hpp">
      <Filter>Header Files</Filter>
    </ClInclude>
    <ClInclude Include="Public\BufferViewBase.hpp">
      <Filter>Header Files</Filter>
    </ClInclude>
    <ClInclude Include="Public\CommandListBase.hpp">
      <Filter>Header Files</Filter>
    </ClInclude>
    <ClInclude Include="Public\DearchiverBase.hpp">
      <Filter>Header Files</Filter>
    </ClInclude>
    <ClInclude Include="Public\DefaultShaderSourceStreamFactory.h">
      <Filter>Header Files</Filter>
    </ClInclude>
    <ClInclude Include="Public\Defines.h">
      <Filter>Header Files</Filter>
    </ClInclude>
    <ClInclude Include="Public\DeviceContextBase.hpp">
      <Filter>Header Files</Filter>
    </ClInclude>
    <ClInclude Include="Public\DeviceContextNextGenBase.hpp">
      <Filter>Header Files</Filter>
    </ClInclude>
    <ClInclude Include="Public\DeviceMemoryBase.hpp">
      <Filter>Header Files</Filter>
    </ClInclude>
    <ClInclude Include="Public\DeviceObjectArchive.hpp">
      <Filter>Header Files</Filter>
    </ClInclude>
    <ClInclude Include="Public\DeviceObjectBase.hpp">
      <Filter>Header Files</Filter>
    </ClInclude>
    <ClInclude Include="Public\DynamicHeap.hpp">
      <Filter>Header Files</Filter>
    </ClInclude>
    <ClInclude Include="Public\EngineFactoryBase.hpp">
      <Filter>Header Files</Filter>
    </ClInclude>
    <ClInclude Include="Public\FenceBase.hpp">
      <Filter>Header Files</Filter>
    </ClInclude>
    <ClInclude Include="Public\FramebufferBase.hpp">
      <Filter>Header Files</Filter>
    </ClInclude>
    <ClInclude Include="Public\IndexWrapper.hpp">
      <Filter>Header Files</Filter>
    </ClInclude>
    <ClInclude Include="Public\PipelineResourceSignatureBase.hpp">
      <Filter>Header Files</Filter>
    </ClInclude>
    <ClInclude Include="Public\PipelineStateBase.hpp">
      <Filter>Header Files</Filter>
    </ClInclude>
    <ClInclude Include="Public\PipelineStateCacheBase.hpp">
      <Filter>Header Files</Filter>
    </ClInclude>
    <ClInclude Include="Public\PrivateConstants.h">
      <Filter>Header Files</Filter>
    </ClInclude>
    <ClInclude Include="Public\PSOSerializer.hpp">
      <Filter>Header Files</Filter>
    </ClInclude>
    <ClInclude Include="Public\QueryBase.hpp">
      <Filter>Header Files</Filter>
    </ClInclude>
    <ClInclude Include="Public\RenderDeviceBase.hpp">
      <Filter>Header Files</Filter>
    </ClInclude>
    <ClInclude Include="Public\RenderDeviceNextGenBase.hpp">
      <Filter>Header Files</Filter>
    </ClInclude>
    <ClInclude Include="Public\RenderPassBase.hpp">
      <Filter>Header Files</Filter>
    </ClInclude>
    <ClInclude Include="Public\ResourceMappingImpl.hpp">
      <Filter>Header Files</Filter>
    </ClInclude>
    <ClInclude Include="Public\SamplerBase.hpp">
      <Filter>Header Files</Filter>
    </ClInclude>
    <ClInclude Include="Public\ShaderBase.hpp">
      <Filter>Header Files</Filter>
    </ClInclude>
    <ClInclude Include="Public\ShaderBindingTableBase.hpp">
      <Filter>Header Files</Filter>
    </ClInclude>
    <ClInclude Include="Public\ShaderResourceBindingBase.hpp">
      <Filter>Header Files</Filter>
    </ClInclude>
    <ClInclude Include="Public\ShaderResourceCacheCommon.hpp">
      <Filter>Header Files</Filter>
    </ClInclude>
    <ClInclude Include="Public\ShaderResourceVariableBase.hpp">
      <Filter>Header Files</Filter>
    </ClInclude>
    <ClInclude Include="Public\SwapChainBase.hpp">
      <Filter>Header Files</Filter>
    </ClInclude>
    <ClInclude Include="Public\TextureBase.hpp">
      <Filter>Header Files</Filter>
    </ClInclude>
    <ClInclude Include="Public\TextureViewBase.hpp">
      <Filter>Header Files</Filter>
    </ClInclude>
    <ClInclude Include="Public\TopLevelASBase.hpp">
      <Filter>Header Files</Filter>
    </ClInclude>
  </ItemGroup>
  <ItemGroup>
    <ClCompile Include="pch.cpp">
      <Filter>Source Files</Filter>
    </ClCompile>
    <ClCompile Include="Private\APIInfo.cpp">
      <Filter>Source Files</Filter>
    </ClCompile>
    <ClCompile Include="Private\BottomLevelASBase.cpp">
      <Filter>Source Files</Filter>
    </ClCompile>
    <ClCompile Include="Private\BufferBase.cpp">
      <Filter>Source Files</Filter>
    </ClCompile>
    <ClCompile Include="Private\DearchiverBase.cpp">
      <Filter>Source Files</Filter>
    </ClCompile>
    <ClCompile Include="Private\DefaultShaderSourceStreamFactory.cpp">
      <Filter>Source Files</Filter>
    </ClCompile>
    <ClCompile Include="Private\DeviceContextBase.cpp">
      <Filter>Source Files</Filter>
    </ClCompile>
    <ClCompile Include="Private\DeviceMemoryBase.cpp">
      <Filter>Source Files</Filter>
    </ClCompile>
    <ClCompile Include="Private\DeviceObjectArchive.cpp">
      <Filter>Source Files</Filter>
    </ClCompile>
    <ClCompile Include="Private\EngineFactoryBase.cpp">
      <Filter>Source Files</Filter>
    </ClCompile>
    <ClCompile Include="Private\FramebufferBase.cpp">
      <Filter>Source Files</Filter>
    </ClCompile>
    <ClCompile Include="Private\GraphicsTypesX.cpp">
      <Filter>Source Files</Filter>
    </ClCompile>
    <ClCompile Include="Private\PipelineResourceSignatureBase.cpp">
      <Filter>Source Files</Filter>
    </ClCompile>
    <ClCompile Include="Private\PipelineStateBase.cpp">
      <Filter>Source Files</Filter>
    </ClCompile>
    <ClCompile Include="Private\PipelineStateCacheBase.cpp">
      <Filter>Source Files</Filter>
    </ClCompile>
    <ClCompile Include="Private\PSOSerializer.cpp">
      <Filter>Source Files</Filter>
    </ClCompile>
    <ClCompile Include="Private\RenderDeviceBase.cpp">
      <Filter>Source Files</Filter>
    </ClCompile>
    <ClCompile Include="Private\RenderPassBase.cpp">
      <Filter>Source Files</Filter>
    </ClCompile>
    <ClCompile Include="Private\ResourceMappingBase.cpp">
      <Filter>Source Files</Filter>
    </ClCompile>
    <ClCompile Include="Private\SamplerBase.cpp">
      <Filter>Source Files</Filter>
    </ClCompile>
    <ClCompile Include="Private\ShaderBase.cpp">
      <Filter>Source Files</Filter>
    </ClCompile>
    <ClCompile Include="Private\ShaderBindingTableBase.cpp">
      <Filter>Source Files</Filter>
    </ClCompile>
    <ClCompile Include="Private\TextureBase.cpp">
      <Filter>Source Files</Filter>
    </ClCompile>
    <ClCompile Include="Private\TopLevelASBase.cpp">
      <Filter>Source Files</Filter>
    </ClCompile>
  </ItemGroup>
  <ItemGroup>
    <None Include="packages.config" />
  </ItemGroup>
</Project>