<?xml version="1.0" encoding="utf-8"?>
<Project ToolsVersion="4.0" xmlns="http://schemas.microsoft.com/developer/msbuild/2003">
  <ItemGroup>
    <Filter Include="Source Files">
      <UniqueIdentifier>{4FC737F1-C7A5-4376-A066-2A32D752A2FF}</UniqueIdentifier>
      <Extensions>cpp;c;cc;cxx;c++;cppm;ixx;def;odl;idl;hpj;bat;asm;asmx</Extensions>
    </Filter>
    <Filter Include="Header Files">
      <UniqueIdentifier>{93995380-89BD-4b04-88EB-625FBE52EBFB}</UniqueIdentifier>
      <Extensions>h;hh;hpp;hxx;h++;hm;inl;inc;ipp;xsd</Extensions>
    </Filter>
    <Filter Include="Resource Files">
      <UniqueIdentifier>{67DA6AB6-F800-4c08-8B7A-83BB121AAD01}</UniqueIdentifier>
      <Extensions>rc;ico;cur;bmp;dlg;rc2;rct;bin;rgs;gif;jpg;jpeg;jpe;resx;tiff;tif;png;wav;mfcribbon-ms</Extensions>
    </Filter>
  </ItemGroup>
  <ItemGroup>
    <ClInclude Include="pch.h">
      <Filter>Header Files</Filter>
    </ClInclude>
    <ClInclude Include="Public\D3DCommonTypeConversions.hpp">
      <Filter>Header Files</Filter>
    </ClInclude>
    <ClInclude Include="Public\D3DErrors.hpp">
      <Filter>Header Files</Filter>
    </ClInclude>
    <ClInclude Include="Public\D3DShaderResourceLoader.hpp">
      <Filter>Header Files</Filter>
    </ClInclude>
    <ClInclude Include="Public\D3DShaderResourceValidation.hpp">
      <Filter>Header Files</Filter>
    </ClInclude>
    <ClInclude Include="Public\D3DTileMappingHelper.hpp">
      <Filter>Header Files</Filter>
    </ClInclude>
    <ClInclude Include="Public\D3DTypeConversionImpl.hpp">
      <Filter>Header Files</Filter>
    </ClInclude>
    <ClInclude Include="Public\D3DViewDescConversionImpl.hpp">
      <Filter>Header Files</Filter>
    </ClInclude>
    <ClInclude Include="Public\DXGITypeConversions.hpp">
      <Filter>Header Files</Filter>
    </ClInclude>
    <ClInclude Include="Public\EngineFactoryD3DBase.hpp">
      <Filter>Header Files</Filter>
    </ClInclude>
    <ClInclude Include="Public\NVApiLoader.hpp">
      <Filter>Header Files</Filter>
    </ClInclude>
    <ClInclude Include="Public\RenderDeviceD3DBase.hpp">
      <Filter>Header Files</Filter>
    </ClInclude>
    <ClInclude Include="Public\ShaderD3D.h">
      <Filter>Header Files</Filter>
    </ClInclude>
    <ClInclude Include="Public\ShaderD3DBase.hpp">
      <Filter>Header Files</Filter>
    </ClInclude>
    <ClInclude Include="Public\ShaderResources.hpp">
      <Filter>Header Files</Filter>
    </ClInclude>
    <ClInclude Include="Public\ShaderResourceVariableD3D.h">
      <Filter>Header Files</Filter>
    </ClInclude>
    <ClInclude Include="Public\ShaderVariableD3D.hpp">
      <Filter>Header Files</Filter>
    </ClInclude>
    <ClInclude Include="Public\SwapChainD3DBase.hpp">
      <Filter>Header Files</Filter>
    </ClInclude>
  </ItemGroup>
  <ItemGroup>
    <ClCompile Include="pch.cpp">
      <Filter>Source Files</Filter>
    </ClCompile>
    <ClCompile Include="Private\D3DCommonTypeConversions.cpp">
      <Filter>Source Files</Filter>
    </ClCompile>
    <ClCompile Include="Private\D3DShaderResourceValidation.cpp">
      <Filter>Source Files</Filter>
    </ClCompile>
    <ClCompile Include="Private\DXGITypeConversions.cpp">
      <Filter>Source Files</Filter>
    </ClCompile>
    <ClCompile Include="Private\ShaderD3DBase.cpp">
      <Filter>Source Files</Filter>
    </ClCompile>
    <ClCompile Include="Private\ShaderResources.cpp">
      <Filter>Source Files</Filter>
    </ClCompile>
    <ClCompile Include="Private\SwapChainD3DBase.cpp">
      <Filter>Source Files</Filter>
    </ClCompile>
  </ItemGroup>
  <ItemGroup>
    <None Include="packages.config" />
  </ItemGroup>
</Project>