
Microsoft Visual Studio Solution File, Format Version 12.00
# Visual Studio Version 16
VisualStudioVersion = 16.0.35229.62
MinimumVisualStudioVersion = 10.0.40219.1
Project("{2150E333-8FDC-42A3-9474-1A3956D46DE8}") = "Solution Items", "Solution Items", "{8EC462FD-D22E-90A8-E5CE-7E832BA40C5D}"
	ProjectSection(SolutionItems) = preProject
		Directory.Build.props = Directory.Build.props
	EndProjectSection
EndProject
Project("{2150E333-8FDC-42A3-9474-1A3956D46DE8}") = "Engine", "Engine", "{02EA681E-C7D8-13C7-8484-4AC65E1B71E8}"
EndProject
Project("{8BC9CEB8-8B4A-11D0-8D11-00A0C91BC942}") = "Engine-Core", "Engine\Core\Engine-Core.vcxproj", "{C901BE66-8350-4DF9-8576-50CE5F052836}"
EndProject
Project("{2150E333-8FDC-42A3-9474-1A3956D46DE8}") = "Platforms", "Platforms", "{96E0A8C4-867A-4542-953D-EF4A7E185FF8}"
EndProject
Project("{8BC9CEB8-8B4A-11D0-8D11-00A0C91BC942}") = "Platforms-Common", "Platforms\Common\Platforms-Common.vcxitems", "{FC7D24C2-8C02-446B-A485-3EF732DBD174}"
EndProject
Project("{8BC9CEB8-8B4A-11D0-8D11-00A0C91BC942}") = "Platforms-Win64", "Platforms\Win64\Platforms-Win64.vcxproj", "{33E167C2-6555-4601-B556-DF06E1328C1B}"
EndProject
Project("{2150E333-8FDC-42A3-9474-1A3956D46DE8}") = "ThirdParty", "ThirdParty", "{9A094062-AFE7-4875-8F38-158B6883D32F}"
EndProject
Project("{8BC9CEB8-8B4A-11D0-8D11-00A0C91BC942}") = "Engine-RHI", "Engine\RHI\Engine-RHI.vcxproj", "{945AB006-8BD2-442F-822D-2B72ABF5ED6C}"
EndProject
Project("{8BC9CEB8-8B4A-11D0-8D11-00A0C91BC942}") = "Engine-GraphicsTools", "Engine\GraphicsTools\Engine-GraphicsTools.vcxproj", "{D00159AA-BDD4-46E5-9F2A-EE4574B45379}"
EndProject
Project("{8BC9CEB8-8B4A-11D0-8D11-00A0C91BC942}") = "Engine-ShaderTools", "Engine\ShaderTools\Engine-ShaderTools.vcxproj", "{59D7E47F-9AAF-4E70-9C3D-2195AF7F7AEF}"
EndProject
Project("{8BC9CEB8-8B4A-11D0-8D11-00A0C91BC942}") = "Platforms-Basic", "Platforms\Basic\Platforms-Basic.vcxproj", "{9064164C-970F-4494-88C6-4CB710C1D714}"
EndProject
Project("{8BC9CEB8-8B4A-11D0-8D11-00A0C91BC942}") = "Primitives", "Primitives\Primitives.vcxitems", "{F62F584C-DB47-468F-B345-C6BF71C41A19}"
EndProject
Project("{8BC9CEB8-8B4A-11D0-8D11-00A0C91BC942}") = "Engine-GraphicsArchiver", "Engine\GraphicsArchiver\Engine-GraphicsArchiver.vcxproj", "{56281A9E-AF63-4C08-ACEE-3E619E8EA440}"
EndProject
Project("{8BC9CEB8-8B4A-11D0-8D11-00A0C91BC942}") = "Engine-GraphicsUtils", "Engine\GraphicsUtils\Engine-GraphicsUtils.vcxproj", "{5BD3CD7E-F27F-43B2-8BCA-B9CE3047B507}"
EndProject
Project("{8BC9CEB8-8B4A-11D0-8D11-00A0C91BC942}") = "Engine-RHI-D3DBase", "Engine\RHI_D3DBase\Engine-RHI-D3DBase.vcxproj", "{B73C511F-83C2-4A94-8F45-C8BC3CD819B6}"
EndProject
Project("{8BC9CEB8-8B4A-11D0-8D11-00A0C91BC942}") = "Engine-RHI-D3D12", "Engine\RHI_D3D12\Engine-RHI-D3D12.vcxproj", "{3E258117-8C7C-494F-9D61-1629A0F7400D}"
EndProject
Project("{8BC9CEB8-8B4A-11D0-8D11-00A0C91BC942}") = "Engine-ImGui", "Engine\ImGui\Engine-ImGui.vcxproj", "{7F85A29A-8214-48E6-9531-DB5A4D102DF5}"
EndProject
Project("{8BC9CEB8-8B4A-11D0-8D11-00A0C91BC942}") = "Engine-Renderer", "Engine\Renderer\Engine-Renderer.vcxproj", "{434146A2-C1AF-4D85-8E9B-2FAF1727B469}"
EndProject
Project("{2150E333-8FDC-42A3-9474-1A3956D46DE8}") = "App", "App", "{4CACA4DE-FA6F-444D-BEA7-EFAC2AC9A930}"
EndProject
Project("{8BC9CEB8-8B4A-11D0-8D11-00A0C91BC942}") = "App-MaterialEditor", "App\MaterialEditor\App-MaterialEditor.vcxproj", "{DA67E797-8562-4A95-85D8-E51F465C292A}"
EndProject
Project("{8BC9CEB8-8B4A-11D0-8D11-00A0C91BC942}") = "Engine-Framework", "Engine\Framework\Engine-Framework.vcxproj", "{A7B8EF1B-D2D8-4C3E-ACC8-FE57F22DF41F}"
EndProject
Project("{2150E333-8FDC-42A3-9474-1A3956D46DE8}") = "Shaders", "Shaders", "{7D3D4CF4-FF88-49E2-B678-B242E569DF01}"
	ProjectSection(SolutionItems) = preProject
		Shaders\DiskSamples.hlsli = Shaders\DiskSamples.hlsli
		Shaders\GBuffer.psh = Shaders\GBuffer.psh
		Shaders\GBuffer.vsh = Shaders\GBuffer.vsh
		Shaders\GrassBuildInstances.hlsl = Shaders\GrassBuildInstances.hlsl
		Shaders\GrassForward.psh = Shaders\GrassForward.psh
		Shaders\GrassForward.vsh = Shaders\GrassForward.vsh
		Shaders\HLSL_Structures.hlsli = Shaders\HLSL_Structures.hlsli
		Shaders\Lighting.psh = Shaders\Lighting.psh
		Shaders\Lighting.vsh = Shaders\Lighting.vsh
		Shaders\PBRLighting.hlsli = Shaders\PBRLighting.hlsli
		Shaders\PostCopy.psh = Shaders\PostCopy.psh
		Shaders\PostCopy.vsh = Shaders\PostCopy.vsh
		Shaders\Shadow.psh = Shaders\Shadow.psh
		Shaders\Shadow.vsh = Shaders\Shadow.vsh
		Shaders\ShadowMasked.psh = Shaders\ShadowMasked.psh
		Shaders\ShadowMasked.vsh = Shaders\ShadowMasked.vsh
	EndProjectSection
EndProject
Project("{8BC9CEB8-8B4A-11D0-8D11-00A0C91BC942}") = "imgui", "ThirdParty\imgui\imgui.vcxproj", "{2AE4AF76-99C4-4FE0-9759-7D19832FBFF1}"
EndProject
Project("{8BC9CEB8-8B4A-11D0-8D11-00A0C91BC942}") = "App-GrassViewer", "App\GrassViewer\App-GrassViewer.vcxproj", "{89183668-4D95-4E13-A935-958BEAF15C71}"
EndProject
Project("{8BC9CEB8-8B4A-11D0-8D11-00A0C91BC942}") = "Engine-RenderPass", "Engine\RenderPass\Engine-RenderPass.vcxproj", "{9E437443-630F-4EBF-AC14-9C6C17C6F7FD}"
EndProject
Project("{8BC9CEB8-8B4A-11D0-8D11-00A0C91BC942}") = "Engine-RuntimeData", "Engine\RuntimeData\Engine-RuntimeData.vcxproj", "{3240C8BD-9334-4E6A-AF0E-DA6ADE0DA2AC}"
EndProject
Project("{8BC9CEB8-8B4A-11D0-8D11-00A0C91BC942}") = "Engine-AssetManager", "Engine\AssetManager\Engine-AssetManager.vcxproj", "{B0BD56C0-142C-408D-ADE6-81183A399CB8}"
EndProject
Project("{8BC9CEB8-8B4A-11D0-8D11-00A0C91BC942}") = "Engine-Image", "Engine\Image\Engine-Image.vcxproj", "{F72EDD8B-E50B-44A1-B439-F92B45DA940D}"
EndProject
Global
	GlobalSection(SharedMSBuildProjectFiles) = preSolution
		Platforms\Common\Platforms-Common.vcxitems*{33e167c2-6555-4601-b556-df06e1328c1b}*SharedItemsImports = 4
		Primitives\Primitives.vcxitems*{33e167c2-6555-4601-b556-df06e1328c1b}*SharedItemsImports = 4
		Platforms\Common\Platforms-Common.vcxitems*{3e258117-8c7c-494f-9d61-1629a0f7400d}*SharedItemsImports = 4
		Primitives\Primitives.vcxitems*{3e258117-8c7c-494f-9d61-1629a0f7400d}*SharedItemsImports = 4
		Platforms\Common\Platforms-Common.vcxitems*{56281a9e-af63-4c08-acee-3e619e8ea440}*SharedItemsImports = 4
		Primitives\Primitives.vcxitems*{56281a9e-af63-4c08-acee-3e619e8ea440}*SharedItemsImports = 4
		Platforms\Common\Platforms-Common.vcxitems*{59d7e47f-9aaf-4e70-9c3d-2195af7f7aef}*SharedItemsImports = 4
		Primitives\Primitives.vcxitems*{59d7e47f-9aaf-4e70-9c3d-2195af7f7aef}*SharedItemsImports = 4
		Platforms\Common\Platforms-Common.vcxitems*{5bd3cd7e-f27f-43b2-8bca-b9ce3047b507}*SharedItemsImports = 4
		Primitives\Primitives.vcxitems*{5bd3cd7e-f27f-43b2-8bca-b9ce3047b507}*SharedItemsImports = 4
		Platforms\Common\Platforms-Common.vcxitems*{7f85a29a-8214-48e6-9531-db5a4d102df5}*SharedItemsImports = 4
		Primitives\Primitives.vcxitems*{7f85a29a-8214-48e6-9531-db5a4d102df5}*SharedItemsImports = 4
		Platforms\Common\Platforms-Common.vcxitems*{89183668-4d95-4e13-a935-958beaf15c71}*SharedItemsImports = 4
		Primitives\Primitives.vcxitems*{89183668-4d95-4e13-a935-958beaf15c71}*SharedItemsImports = 4
		Platforms\Common\Platforms-Common.vcxitems*{9064164c-970f-4494-88c6-4cb710c1d714}*SharedItemsImports = 4
		Primitives\Primitives.vcxitems*{9064164c-970f-4494-88c6-4cb710c1d714}*SharedItemsImports = 4
		Platforms\Common\Platforms-Common.vcxitems*{945ab006-8bd2-442f-822d-2b72abf5ed6c}*SharedItemsImports = 4
		Primitives\Primitives.vcxitems*{945ab006-8bd2-442f-822d-2b72abf5ed6c}*SharedItemsImports = 4
		Platforms\Common\Platforms-Common.vcxitems*{a7b8ef1b-d2d8-4c3e-acc8-fe57f22df41f}*SharedItemsImports = 4
		Primitives\Primitives.vcxitems*{a7b8ef1b-d2d8-4c3e-acc8-fe57f22df41f}*SharedItemsImports = 4
		Platforms\Common\Platforms-Common.vcxitems*{b73c511f-83c2-4a94-8f45-c8bc3cd819b6}*SharedItemsImports = 4
		Primitives\Primitives.vcxitems*{b73c511f-83c2-4a94-8f45-c8bc3cd819b6}*SharedItemsImports = 4
		Platforms\Common\Platforms-Common.vcxitems*{c901be66-8350-4df9-8576-50ce5f052836}*SharedItemsImports = 4
		Primitives\Primitives.vcxitems*{c901be66-8350-4df9-8576-50ce5f052836}*SharedItemsImports = 4
		Platforms\Common\Platforms-Common.vcxitems*{d00159aa-bdd4-46e5-9f2a-ee4574b45379}*SharedItemsImports = 4
		Primitives\Primitives.vcxitems*{d00159aa-bdd4-46e5-9f2a-ee4574b45379}*SharedItemsImports = 4
		Platforms\Common\Platforms-Common.vcxitems*{da67e797-8562-4a95-85d8-e51f465c292a}*SharedItemsImports = 4
		Primitives\Primitives.vcxitems*{da67e797-8562-4a95-85d8-e51f465c292a}*SharedItemsImports = 4
		Primitives\Primitives.vcxitems*{f62f584c-db47-468f-b345-c6bf71c41a19}*SharedItemsImports = 9
		Platforms\Common\Platforms-Common.vcxitems*{fc7d24c2-8c02-446b-a485-3ef732dbd174}*SharedItemsImports = 9
	EndGlobalSection
	GlobalSection(SolutionConfigurationPlatforms) = preSolution
		Debug|x64 = Debug|x64
		Debug|x86 = Debug|x86
		Release|x64 = Release|x64
		Release|x86 = Release|x86
	EndGlobalSection
	GlobalSection(ProjectConfigurationPlatforms) = postSolution
		{C901BE66-8350-4DF9-8576-50CE5F052836}.Debug|x64.ActiveCfg = Debug|x64
		{C901BE66-8350-4DF9-8576-50CE5F052836}.Debug|x64.Build.0 = Debug|x64
		{C901BE66-8350-4DF9-8576-50CE5F052836}.Debug|x86.ActiveCfg = Debug|Win32
		{C901BE66-8350-4DF9-8576-50CE5F052836}.Debug|x86.Build.0 = Debug|Win32
		{C901BE66-8350-4DF9-8576-50CE5F052836}.Release|x64.ActiveCfg = Release|x64
		{C901BE66-8350-4DF9-8576-50CE5F052836}.Release|x64.Build.0 = Release|x64
		{C901BE66-8350-4DF9-8576-50CE5F052836}.Release|x86.ActiveCfg = Release|Win32
		{C901BE66-8350-4DF9-8576-50CE5F052836}.Release|x86.Build.0 = Release|Win32
		{33E167C2-6555-4601-B556-DF06E1328C1B}.Debug|x64.ActiveCfg = Debug|x64
		{33E167C2-6555-4601-B556-DF06E1328C1B}.Debug|x64.Build.0 = Debug|x64
		{33E167C2-6555-4601-B556-DF06E1328C1B}.Debug|x86.ActiveCfg = Debug|Win32
		{33E167C2-6555-4601-B556-DF06E1328C1B}.Debug|x86.Build.0 = Debug|Win32
		{33E167C2-6555-4601-B556-DF06E1328C1B}.Release|x64.ActiveCfg = Release|x64
		{33E167C2-6555-4601-B556-DF06E1328C1B}.Release|x64.Build.0 = Release|x64
		{33E167C2-6555-4601-B556-DF06E1328C1B}.Release|x86.ActiveCfg = Release|Win32
		{33E167C2-6555-4601-B556-DF06E1328C1B}.Release|x86.Build.0 = Release|Win32
		{945AB006-8BD2-442F-822D-2B72ABF5ED6C}.Debug|x64.ActiveCfg = Debug|x64
		{945AB006-8BD2-442F-822D-2B72ABF5ED6C}.Debug|x64.Build.0 = Debug|x64
		{945AB006-8BD2-442F-822D-2B72ABF5ED6C}.Debug|x86.ActiveCfg = Debug|Win32
		{945AB006-8BD2-442F-822D-2B72ABF5ED6C}.Debug|x86.Build.0 = Debug|Win32
		{945AB006-8BD2-442F-822D-2B72ABF5ED6C}.Release|x64.ActiveCfg = Release|x64
		{945AB006-8BD2-442F-822D-2B72ABF5ED6C}.Release|x64.Build.0 = Release|x64
		{945AB006-8BD2-442F-822D-2B72ABF5ED6C}.Release|x86.ActiveCfg = Release|Win32
		{945AB006-8BD2-442F-822D-2B72ABF5ED6C}.Release|x86.Build.0 = Release|Win32
		{D00159AA-BDD4-46E5-9F2A-EE4574B45379}.Debug|x64.ActiveCfg = Debug|x64
		{D00159AA-BDD4-46E5-9F2A-EE4574B45379}.Debug|x64.Build.0 = Debug|x64
		{D00159AA-BDD4-46E5-9F2A-EE4574B45379}.Debug|x86.ActiveCfg = Debug|Win32
		{D00159AA-BDD4-46E5-9F2A-EE4574B45379}.Debug|x86.Build.0 = Debug|Win32
		{D00159AA-BDD4-46E5-9F2A-EE4574B45379}.Release|x64.ActiveCfg = Release|x64
		{D00159AA-BDD4-46E5-9F2A-EE4574B45379}.Release|x64.Build.0 = Release|x64
		{D00159AA-BDD4-46E5-9F2A-EE4574B45379}.Release|x86.ActiveCfg = Release|Win32
		{D00159AA-BDD4-46E5-9F2A-EE4574B45379}.Release|x86.Build.0 = Release|Win32
		{59D7E47F-9AAF-4E70-9C3D-2195AF7F7AEF}.Debug|x64.ActiveCfg = Debug|x64
		{59D7E47F-9AAF-4E70-9C3D-2195AF7F7AEF}.Debug|x64.Build.0 = Debug|x64
		{59D7E47F-9AAF-4E70-9C3D-2195AF7F7AEF}.Debug|x86.ActiveCfg = Debug|Win32
		{59D7E47F-9AAF-4E70-9C3D-2195AF7F7AEF}.Debug|x86.Build.0 = Debug|Win32
		{59D7E47F-9AAF-4E70-9C3D-2195AF7F7AEF}.Release|x64.ActiveCfg = Release|x64
		{59D7E47F-9AAF-4E70-9C3D-2195AF7F7AEF}.Release|x64.Build.0 = Release|x64
		{59D7E47F-9AAF-4E70-9C3D-2195AF7F7AEF}.Release|x86.ActiveCfg = Release|Win32
		{59D7E47F-9AAF-4E70-9C3D-2195AF7F7AEF}.Release|x86.Build.0 = Release|Win32
		{9064164C-970F-4494-88C6-4CB710C1D714}.Debug|x64.ActiveCfg = Debug|x64
		{9064164C-970F-4494-88C6-4CB710C1D714}.Debug|x64.Build.0 = Debug|x64
		{9064164C-970F-4494-88C6-4CB710C1D714}.Debug|x86.ActiveCfg = Debug|Win32
		{9064164C-970F-4494-88C6-4CB710C1D714}.Debug|x86.Build.0 = Debug|Win32
		{9064164C-970F-4494-88C6-4CB710C1D714}.Release|x64.ActiveCfg = Release|x64
		{9064164C-970F-4494-88C6-4CB710C1D714}.Release|x64.Build.0 = Release|x64
		{9064164C-970F-4494-88C6-4CB710C1D714}.Release|x86.ActiveCfg = Release|Win32
		{9064164C-970F-4494-88C6-4CB710C1D714}.Release|x86.Build.0 = Release|Win32
		{56281A9E-AF63-4C08-ACEE-3E619E8EA440}.Debug|x64.ActiveCfg = Debug|x64
		{56281A9E-AF63-4C08-ACEE-3E619E8EA440}.Debug|x64.Build.0 = Debug|x64
		{56281A9E-AF63-4C08-ACEE-3E619E8EA440}.Debug|x86.ActiveCfg = Debug|Win32
		{56281A9E-AF63-4C08-ACEE-3E619E8EA440}.Debug|x86.Build.0 = Debug|Win32
		{56281A9E-AF63-4C08-ACEE-3E619E8EA440}.Release|x64.ActiveCfg = Release|x64
		{56281A9E-AF63-4C08-ACEE-3E619E8EA440}.Release|x64.Build.0 = Release|x64
		{56281A9E-AF63-4C08-ACEE-3E619E8EA440}.Release|x86.ActiveCfg = Release|Win32
		{56281A9E-AF63-4C08-ACEE-3E619E8EA440}.Release|x86.Build.0 = Release|Win32
		{5BD3CD7E-F27F-43B2-8BCA-B9CE3047B507}.Debug|x64.ActiveCfg = Debug|x64
		{5BD3CD7E-F27F-43B2-8BCA-B9CE3047B507}.Debug|x64.Build.0 = Debug|x64
		{5BD3CD7E-F27F-43B2-8BCA-B9CE3047B507}.Debug|x86.ActiveCfg = Debug|Win32
		{5BD3CD7E-F27F-43B2-8BCA-B9CE3047B507}.Debug|x86.Build.0 = Debug|Win32
		{5BD3CD7E-F27F-43B2-8BCA-B9CE3047B507}.Release|x64.ActiveCfg = Release|x64
		{5BD3CD7E-F27F-43B2-8BCA-B9CE3047B507}.Release|x64.Build.0 = Release|x64
		{5BD3CD7E-F27F-43B2-8BCA-B9CE3047B507}.Release|x86.ActiveCfg = Release|Win32
		{5BD3CD7E-F27F-43B2-8BCA-B9CE3047B507}.Release|x86.Build.0 = Release|Win32
		{B73C511F-83C2-4A94-8F45-C8BC3CD819B6}.Debug|x64.ActiveCfg = Debug|x64
		{B73C511F-83C2-4A94-8F45-C8BC3CD819B6}.Debug|x64.Build.0 = Debug|x64
		{B73C511F-83C2-4A94-8F45-C8BC3CD819B6}.Debug|x86.ActiveCfg = Debug|Win32
		{B73C511F-83C2-4A94-8F45-C8BC3CD819B6}.Debug|x86.Build.0 = Debug|Win32
		{B73C511F-83C2-4A94-8F45-C8BC3CD819B6}.Release|x64.ActiveCfg = Release|x64
		{B73C511F-83C2-4A94-8F45-C8BC3CD819B6}.Release|x64.Build.0 = Release|x64
		{B73C511F-83C2-4A94-8F45-C8BC3CD819B6}.Release|x86.ActiveCfg = Release|Win32
		{B73C511F-83C2-4A94-8F45-C8BC3CD819B6}.Release|x86.Build.0 = Release|Win32
		{3E258117-8C7C-494F-9D61-1629A0F7400D}.Debug|x64.ActiveCfg = Debug|x64
		{3E258117-8C7C-494F-9D61-1629A0F7400D}.Debug|x64.Build.0 = Debug|x64
		{3E258117-8C7C-494F-9D61-1629A0F7400D}.Debug|x86.ActiveCfg = Debug|Win32
		{3E258117-8C7C-494F-9D61-1629A0F7400D}.Debug|x86.Build.0 = Debug|Win32
		{3E258117-8C7C-494F-9D61-1629A0F7400D}.Release|x64.ActiveCfg = Release|x64
		{3E258117-8C7C-494F-9D61-1629A0F7400D}.Release|x64.Build.0 = Release|x64
		{3E258117-8C7C-494F-9D61-1629A0F7400D}.Release|x86.ActiveCfg = Release|Win32
		{3E258117-8C7C-494F-9D61-1629A0F7400D}.Release|x86.Build.0 = Release|Win32
		{7F85A29A-8214-48E6-9531-DB5A4D102DF5}.Debug|x64.ActiveCfg = Debug|x64
		{7F85A29A-8214-48E6-9531-DB5A4D102DF5}.Debug|x64.Build.0 = Debug|x64
		{7F85A29A-8214-48E6-9531-DB5A4D102DF5}.Debug|x86.ActiveCfg = Debug|Win32
		{7F85A29A-8214-48E6-9531-DB5A4D102DF5}.Debug|x86.Build.0 = Debug|Win32
		{7F85A29A-8214-48E6-9531-DB5A4D102DF5}.Release|x64.ActiveCfg = Release|x64
		{7F85A29A-8214-48E6-9531-DB5A4D102DF5}.Release|x64.Build.0 = Release|x64
		{7F85A29A-8214-48E6-9531-DB5A4D102DF5}.Release|x86.ActiveCfg = Release|Win32
		{7F85A29A-8214-48E6-9531-DB5A4D102DF5}.Release|x86.Build.0 = Release|Win32
		{434146A2-C1AF-4D85-8E9B-2FAF1727B469}.Debug|x64.ActiveCfg = Debug|x64
		{434146A2-C1AF-4D85-8E9B-2FAF1727B469}.Debug|x64.Build.0 = Debug|x64
		{434146A2-C1AF-4D85-8E9B-2FAF1727B469}.Debug|x86.ActiveCfg = Debug|Win32
		{434146A2-C1AF-4D85-8E9B-2FAF1727B469}.Debug|x86.Build.0 = Debug|Win32
		{434146A2-C1AF-4D85-8E9B-2FAF1727B469}.Release|x64.ActiveCfg = Release|x64
		{434146A2-C1AF-4D85-8E9B-2FAF1727B469}.Release|x64.Build.0 = Release|x64
		{434146A2-C1AF-4D85-8E9B-2FAF1727B469}.Release|x86.ActiveCfg = Release|Win32
		{434146A2-C1AF-4D85-8E9B-2FAF1727B469}.Release|x86.Build.0 = Release|Win32
		{DA67E797-8562-4A95-85D8-E51F465C292A}.Debug|x64.ActiveCfg = Debug|x64
		{DA67E797-8562-4A95-85D8-E51F465C292A}.Debug|x64.Build.0 = Debug|x64
		{DA67E797-8562-4A95-85D8-E51F465C292A}.Debug|x86.ActiveCfg = Debug|Win32
		{DA67E797-8562-4A95-85D8-E51F465C292A}.Debug|x86.Build.0 = Debug|Win32
		{DA67E797-8562-4A95-85D8-E51F465C292A}.Release|x64.ActiveCfg = Release|x64
		{DA67E797-8562-4A95-85D8-E51F465C292A}.Release|x64.Build.0 = Release|x64
		{DA67E797-8562-4A95-85D8-E51F465C292A}.Release|x86.ActiveCfg = Release|Win32
		{DA67E797-8562-4A95-85D8-E51F465C292A}.Release|x86.Build.0 = Release|Win32
		{A7B8EF1B-D2D8-4C3E-ACC8-FE57F22DF41F}.Debug|x64.ActiveCfg = Debug|x64
		{A7B8EF1B-D2D8-4C3E-ACC8-FE57F22DF41F}.Debug|x64.Build.0 = Debug|x64
		{A7B8EF1B-D2D8-4C3E-ACC8-FE57F22DF41F}.Debug|x86.ActiveCfg = Debug|Win32
		{A7B8EF1B-D2D8-4C3E-ACC8-FE57F22DF41F}.Debug|x86.Build.0 = Debug|Win32
		{A7B8EF1B-D2D8-4C3E-ACC8-FE57F22DF41F}.Release|x64.ActiveCfg = Release|x64
		{A7B8EF1B-D2D8-4C3E-ACC8-FE57F22DF41F}.Release|x64.Build.0 = Release|x64
		{A7B8EF1B-D2D8-4C3E-ACC8-FE57F22DF41F}.Release|x86.ActiveCfg = Release|Win32
		{A7B8EF1B-D2D8-4C3E-ACC8-FE57F22DF41F}.Release|x86.Build.0 = Release|Win32
		{2AE4AF76-99C4-4FE0-9759-7D19832FBFF1}.Debug|x64.ActiveCfg = Debug|x64
		{2AE4AF76-99C4-4FE0-9759-7D19832FBFF1}.Debug|x64.Build.0 = Debug|x64
		{2AE4AF76-99C4-4FE0-9759-7D19832FBFF1}.Debug|x86.ActiveCfg = Debug|Win32
		{2AE4AF76-99C4-4FE0-9759-7D19832FBFF1}.Debug|x86.Build.0 = Debug|Win32
		{2AE4AF76-99C4-4FE0-9759-7D19832FBFF1}.Release|x64.ActiveCfg = Release|x64
		{2AE4AF76-99C4-4FE0-9759-7D19832FBFF1}.Release|x64.Build.0 = Release|x64
		{2AE4AF76-99C4-4FE0-9759-7D19832FBFF1}.Release|x86.ActiveCfg = Release|Win32
		{2AE4AF76-99C4-4FE0-9759-7D19832FBFF1}.Release|x86.Build.0 = Release|Win32
		{89183668-4D95-4E13-A935-958BEAF15C71}.Debug|x64.ActiveCfg = Debug|x64
		{89183668-4D95-4E13-A935-958BEAF15C71}.Debug|x64.Build.0 = Debug|x64
		{89183668-4D95-4E13-A935-958BEAF15C71}.Debug|x86.ActiveCfg = Debug|Win32
		{89183668-4D95-4E13-A935-958BEAF15C71}.Debug|x86.Build.0 = Debug|Win32
		{89183668-4D95-4E13-A935-958BEAF15C71}.Release|x64.ActiveCfg = Release|x64
		{89183668-4D95-4E13-A935-958BEAF15C71}.Release|x64.Build.0 = Release|x64
		{89183668-4D95-4E13-A935-958BEAF15C71}.Release|x86.ActiveCfg = Release|Win32
		{89183668-4D95-4E13-A935-958BEAF15C71}.Release|x86.Build.0 = Release|Win32
		{9E437443-630F-4EBF-AC14-9C6C17C6F7FD}.Debug|x64.ActiveCfg = Debug|x64
		{9E437443-630F-4EBF-AC14-9C6C17C6F7FD}.Debug|x64.Build.0 = Debug|x64
		{9E437443-630F-4EBF-AC14-9C6C17C6F7FD}.Debug|x86.ActiveCfg = Debug|Win32
		{9E437443-630F-4EBF-AC14-9C6C17C6F7FD}.Debug|x86.Build.0 = Debug|Win32
		{9E437443-630F-4EBF-AC14-9C6C17C6F7FD}.Release|x64.ActiveCfg = Release|x64
		{9E437443-630F-4EBF-AC14-9C6C17C6F7FD}.Release|x64.Build.0 = Release|x64
		{9E437443-630F-4EBF-AC14-9C6C17C6F7FD}.Release|x86.ActiveCfg = Release|Win32
		{9E437443-630F-4EBF-AC14-9C6C17C6F7FD}.Release|x86.Build.0 = Release|Win32
		{3240C8BD-9334-4E6A-AF0E-DA6ADE0DA2AC}.Debug|x64.ActiveCfg = Debug|x64
		{3240C8BD-9334-4E6A-AF0E-DA6ADE0DA2AC}.Debug|x64.Build.0 = Debug|x64
		{3240C8BD-9334-4E6A-AF0E-DA6ADE0DA2AC}.Debug|x86.ActiveCfg = Debug|Win32
		{3240C8BD-9334-4E6A-AF0E-DA6ADE0DA2AC}.Debug|x86.Build.0 = Debug|Win32
		{3240C8BD-9334-4E6A-AF0E-DA6ADE0DA2AC}.Release|x64.ActiveCfg = Release|x64
		{3240C8BD-9334-4E6A-AF0E-DA6ADE0DA2AC}.Release|x64.Build.0 = Release|x64
		{3240C8BD-9334-4E6A-AF0E-DA6ADE0DA2AC}.Release|x86.ActiveCfg = Release|Win32
		{3240C8BD-9334-4E6A-AF0E-DA6ADE0DA2AC}.Release|x86.Build.0 = Release|Win32
		{B0BD56C0-142C-408D-ADE6-81183A399CB8}.Debug|x64.ActiveCfg = Debug|x64
		{B0BD56C0-142C-408D-ADE6-81183A399CB8}.Debug|x64.Build.0 = Debug|x64
		{B0BD56C0-142C-408D-ADE6-81183A399CB8}.Debug|x86.ActiveCfg = Debug|Win32
		{B0BD56C0-142C-408D-ADE6-81183A399CB8}.Debug|x86.Build.0 = Debug|Win32
		{B0BD56C0-142C-408D-ADE6-81183A399CB8}.Release|x64.ActiveCfg = Release|x64
		{B0BD56C0-142C-408D-ADE6-81183A399CB8}.Release|x64.Build.0 = Release|x64
		{B0BD56C0-142C-408D-ADE6-81183A399CB8}.Release|x86.ActiveCfg = Release|Win32
		{B0BD56C0-142C-408D-ADE6-81183A399CB8}.Release|x86.Build.0 = Release|Win32
		{F72EDD8B-E50B-44A1-B439-F92B45DA940D}.Debug|x64.ActiveCfg = Debug|x64
		{F72EDD8B-E50B-44A1-B439-F92B45DA940D}.Debug|x64.Build.0 = Debug|x64
		{F72EDD8B-E50B-44A1-B439-F92B45DA940D}.Debug|x86.ActiveCfg = Debug|Win32
		{F72EDD8B-E50B-44A1-B439-F92B45DA940D}.Debug|x86.Build.0 = Debug|Win32
		{F72EDD8B-E50B-44A1-B439-F92B45DA940D}.Release|x64.ActiveCfg = Release|x64
		{F72EDD8B-E50B-44A1-B439-F92B45DA940D}.Release|x64.Build.0 = Release|x64
		{F72EDD8B-E50B-44A1-B439-F92B45DA940D}.Release|x86.ActiveCfg = Release|Win32
		{F72EDD8B-E50B-44A1-B439-F92B45DA940D}.Release|x86.Build.0 = Release|Win32
	EndGlobalSection
	GlobalSection(SolutionProperties) = preSolution
		HideSolutionNode = FALSE
	EndGlobalSection
	GlobalSection(NestedProjects) = preSolution
		{C901BE66-8350-4DF9-8576-50CE5F052836} = {02EA681E-C7D8-13C7-8484-4AC65E1B71E8}
		{FC7D24C2-8C02-446B-A485-3EF732DBD174} = {96E0A8C4-867A-4542-953D-EF4A7E185FF8}
		{33E167C2-6555-4601-B556-DF06E1328C1B} = {96E0A8C4-867A-4542-953D-EF4A7E185FF8}
		{945AB006-8BD2-442F-822D-2B72ABF5ED6C} = {02EA681E-C7D8-13C7-8484-4AC65E1B71E8}
		{D00159AA-BDD4-46E5-9F2A-EE4574B45379} = {02EA681E-C7D8-13C7-8484-4AC65E1B71E8}
		{59D7E47F-9AAF-4E70-9C3D-2195AF7F7AEF} = {02EA681E-C7D8-13C7-8484-4AC65E1B71E8}
		{9064164C-970F-4494-88C6-4CB710C1D714} = {96E0A8C4-867A-4542-953D-EF4A7E185FF8}
		{56281A9E-AF63-4C08-ACEE-3E619E8EA440} = {02EA681E-C7D8-13C7-8484-4AC65E1B71E8}
		{5BD3CD7E-F27F-43B2-8BCA-B9CE3047B507} = {02EA681E-C7D8-13C7-8484-4AC65E1B71E8}
		{B73C511F-83C2-4A94-8F45-C8BC3CD819B6} = {02EA681E-C7D8-13C7-8484-4AC65E1B71E8}
		{3E258117-8C7C-494F-9D61-1629A0F7400D} = {02EA681E-C7D8-13C7-8484-4AC65E1B71E8}
		{7F85A29A-8214-48E6-9531-DB5A4D102DF5} = {02EA681E-C7D8-13C7-8484-4AC65E1B71E8}
		{434146A2-C1AF-4D85-8E9B-2FAF1727B469} = {02EA681E-C7D8-13C7-8484-4AC65E1B71E8}
		{DA67E797-8562-4A95-85D8-E51F465C292A} = {4CACA4DE-FA6F-444D-BEA7-EFAC2AC9A930}
		{A7B8EF1B-D2D8-4C3E-ACC8-FE57F22DF41F} = {02EA681E-C7D8-13C7-8484-4AC65E1B71E8}
		{2AE4AF76-99C4-4FE0-9759-7D19832FBFF1} = {9A094062-AFE7-4875-8F38-158B6883D32F}
		{89183668-4D95-4E13-A935-958BEAF15C71} = {4CACA4DE-FA6F-444D-BEA7-EFAC2AC9A930}
		{9E437443-630F-4EBF-AC14-9C6C17C6F7FD} = {02EA681E-C7D8-13C7-8484-4AC65E1B71E8}
		{3240C8BD-9334-4E6A-AF0E-DA6ADE0DA2AC} = {02EA681E-C7D8-13C7-8484-4AC65E1B71E8}
		{B0BD56C0-142C-408D-ADE6-81183A399CB8} = {02EA681E-C7D8-13C7-8484-4AC65E1B71E8}
		{F72EDD8B-E50B-44A1-B439-F92B45DA940D} = {02EA681E-C7D8-13C7-8484-4AC65E1B71E8}
	EndGlobalSection
	GlobalSection(ExtensibilityGlobals) = postSolution
		SolutionGuid = {18FF0238-B1F0-41F5-B348-E7D538FEA02E}
	EndGlobalSection
EndGlobal
