<?xml version="1.0" encoding="utf-8"?>
<Project ToolsVersion="4.0" xmlns="http://schemas.microsoft.com/developer/msbuild/2003">
  <ItemGroup>
    <Filter Include="Source Files">
      <UniqueIdentifier>{4FC737F1-C7A5-4376-A066-2A32D752A2FF}</UniqueIdentifier>
      <Extensions>cpp;c;cc;cxx;c++;cppm;ixx;def;odl;idl;hpj;bat;asm;asmx</Extensions>
    </Filter>
    <Filter Include="Header Files">
      <UniqueIdentifier>{93995380-89BD-4b04-88EB-625FBE52EBFB}</UniqueIdentifier>
      <Extensions>h;hh;hpp;hxx;h++;hm;inl;inc;ipp;xsd</Extensions>
    </Filter>
    <Filter Include="Resource Files">
      <UniqueIdentifier>{67DA6AB6-F800-4c08-8B7A-83BB121AAD01}</UniqueIdentifier>
      <Extensions>rc;ico;cur;bmp;dlg;rc2;rct;bin;rgs;gif;jpg;jpeg;jpe;resx;tiff;tif;png;wav;mfcribbon-ms</Extensions>
    </Filter>
  </ItemGroup>
  <ItemGroup>
    <ClInclude Include="pch.h">
      <Filter>Header Files</Filter>
    </ClInclude>
    <ClInclude Include="Public\IBottomLevelASD3D12.h">
      <Filter>Header Files</Filter>
    </ClInclude>
    <ClInclude Include="Public\BottomLevelASD3D12Impl.hpp">
      <Filter>Header Files</Filter>
    </ClInclude>
    <ClInclude Include="Public\IBufferD3D12.h">
      <Filter>Header Files</Filter>
    </ClInclude>
    <ClInclude Include="Public\BufferD3D12Impl.hpp">
      <Filter>Header Files</Filter>
    </ClInclude>
    <ClInclude Include="Public\IBufferViewD3D12.h">
      <Filter>Header Files</Filter>
    </ClInclude>
    <ClInclude Include="Public\BufferViewD3D12Impl.hpp">
      <Filter>Header Files</Filter>
    </ClInclude>
    <ClInclude Include="Public\CommandContext.hpp">
      <Filter>Header Files</Filter>
    </ClInclude>
    <ClInclude Include="Public\CommandListD3D12Impl.hpp">
      <Filter>Header Files</Filter>
    </ClInclude>
    <ClInclude Include="Public\CommandListManager.hpp">
      <Filter>Header Files</Filter>
    </ClInclude>
    <ClInclude Include="Public\ICommandQueueD3D12.h">
      <Filter>Header Files</Filter>
    </ClInclude>
    <ClInclude Include="Public\CommandQueueD3D12Impl.hpp">
      <Filter>Header Files</Filter>
    </ClInclude>
    <ClInclude Include="Public\D3D12DynamicHeap.hpp">
      <Filter>Header Files</Filter>
    </ClInclude>
    <ClInclude Include="Public\D3D12Loader.hpp">
      <Filter>Header Files</Filter>
    </ClInclude>
    <ClInclude Include="Public\D3D12ResourceBase.hpp">
      <Filter>Header Files</Filter>
    </ClInclude>
    <ClInclude Include="Public\D3D12TileMappingHelper.hpp">
      <Filter>Header Files</Filter>
    </ClInclude>
    <ClInclude Include="Public\D3D12TypeConversions.hpp">
      <Filter>Header Files</Filter>
    </ClInclude>
    <ClInclude Include="Public\D3D12TypeDefinitions.h">
      <Filter>Header Files</Filter>
    </ClInclude>
    <ClInclude Include="Public\D3D12Utils.h">
      <Filter>Header Files</Filter>
    </ClInclude>
    <ClInclude Include="Public\d3dx12_win.h">
      <Filter>Header Files</Filter>
    </ClInclude>
    <ClInclude Include="Public\DearchiverD3D12Impl.hpp">
      <Filter>Header Files</Filter>
    </ClInclude>
    <ClInclude Include="Public\DescriptorHeap.hpp">
      <Filter>Header Files</Filter>
    </ClInclude>
    <ClInclude Include="Public\IDeviceContextD3D12.h">
      <Filter>Header Files</Filter>
    </ClInclude>
    <ClInclude Include="Public\DeviceContextD3D12Impl.hpp">
      <Filter>Header Files</Filter>
    </ClInclude>
    <ClInclude Include="Public\IDeviceMemoryD3D12.h">
      <Filter>Header Files</Filter>
    </ClInclude>
    <ClInclude Include="Public\DeviceMemoryD3D12Impl.hpp">
      <Filter>Header Files</Filter>
    </ClInclude>
    <ClInclude Include="Public\DeviceObjectArchiveD3D12.hpp">
      <Filter>Header Files</Filter>
    </ClInclude>
    <ClInclude Include="Public\EngineD3D12ImplTraits.hpp">
      <Filter>Header Files</Filter>
    </ClInclude>
    <ClInclude Include="Public\IEngineFactoryD3D12.h">
      <Filter>Header Files</Filter>
    </ClInclude>
    <ClInclude Include="Public\IFenceD3D12.h">
      <Filter>Header Files</Filter>
    </ClInclude>
    <ClInclude Include="Public\FenceD3D12Impl.hpp">
      <Filter>Header Files</Filter>
    </ClInclude>
    <ClInclude Include="Public\FramebufferD3D12Impl.hpp">
      <Filter>Header Files</Filter>
    </ClInclude>
    <ClInclude Include="Public\GenerateMips.hpp">
      <Filter>Header Files</Filter>
    </ClInclude>
    <ClInclude Include="Public\PipelineResourceAttribsD3D12.hpp">
      <Filter>Header Files</Filter>
    </ClInclude>
    <ClInclude Include="Public\PipelineResourceSignatureD3D12Impl.hpp">
      <Filter>Header Files</Filter>
    </ClInclude>
    <ClInclude Include="Public\IPipelineStateCacheD3D12.h">
      <Filter>Header Files</Filter>
    </ClInclude>
    <ClInclude Include="Public\PipelineStateCacheD3D12Impl.hpp">
      <Filter>Header Files</Filter>
    </ClInclude>
    <ClInclude Include="Public\IPipelineStateD3D12.h">
      <Filter>Header Files</Filter>
    </ClInclude>
    <ClInclude Include="Public\PipelineStateD3D12Impl.hpp">
      <Filter>Header Files</Filter>
    </ClInclude>
    <ClInclude Include="Public\IQueryD3D12.h">
      <Filter>Header Files</Filter>
    </ClInclude>
    <ClInclude Include="Public\QueryD3D12Impl.hpp">
      <Filter>Header Files</Filter>
    </ClInclude>
    <ClInclude Include="Public\QueryManagerD3D12.hpp">
      <Filter>Header Files</Filter>
    </ClInclude>
    <ClInclude Include="Public\IRenderDeviceD3D12.h">
      <Filter>Header Files</Filter>
    </ClInclude>
    <ClInclude Include="Public\RenderDeviceD3D12Impl.hpp">
      <Filter>Header Files</Filter>
    </ClInclude>
    <ClInclude Include="Public\RenderPassD3D12Impl.hpp">
      <Filter>Header Files</Filter>
    </ClInclude>
    <ClInclude Include="Public\RootParamsManager.hpp">
      <Filter>Header Files</Filter>
    </ClInclude>
    <ClInclude Include="Public\RootSignature.hpp">
      <Filter>Header Files</Filter>
    </ClInclude>
    <ClInclude Include="Public\ISamplerD3D12.h">
      <Filter>Header Files</Filter>
    </ClInclude>
    <ClInclude Include="Public\SamplerD3D12Impl.hpp">
      <Filter>Header Files</Filter>
    </ClInclude>
    <ClInclude Include="Public\IShaderBindingTableD3D12.h">
      <Filter>Header Files</Filter>
    </ClInclude>
    <ClInclude Include="Public\ShaderBindingTableD3D12Impl.hpp">
      <Filter>Header Files</Filter>
    </ClInclude>
    <ClInclude Include="Public\IShaderD3D12.h">
      <Filter>Header Files</Filter>
    </ClInclude>
    <ClInclude Include="Public\ShaderD3D12Impl.hpp">
      <Filter>Header Files</Filter>
    </ClInclude>
    <ClInclude Include="Public\IShaderResourceBindingD3D12.h">
      <Filter>Header Files</Filter>
    </ClInclude>
    <ClInclude Include="Public\ShaderResourceBindingD3D12Impl.hpp">
      <Filter>Header Files</Filter>
    </ClInclude>
    <ClInclude Include="Public\ShaderResourceCacheD3D12.hpp">
      <Filter>Header Files</Filter>
    </ClInclude>
    <ClInclude Include="Public\ShaderResourcesD3D12.hpp">
      <Filter>Header Files</Filter>
    </ClInclude>
    <ClInclude Include="Public\ShaderVariableManagerD3D12.hpp">
      <Filter>Header Files</Filter>
    </ClInclude>
    <ClInclude Include="Public\ISwapChainD3D12.h">
      <Filter>Header Files</Filter>
    </ClInclude>
    <ClInclude Include="Public\SwapChainD3D12Impl.hpp">
      <Filter>Header Files</Filter>
    </ClInclude>
    <ClInclude Include="Public\ITextureD3D12.h">
      <Filter>Header Files</Filter>
    </ClInclude>
    <ClInclude Include="Public\TextureD3D12Impl.hpp">
      <Filter>Header Files</Filter>
    </ClInclude>
    <ClInclude Include="Public\ITextureViewD3D12.h">
      <Filter>Header Files</Filter>
    </ClInclude>
    <ClInclude Include="Public\TextureViewD3D12Impl.hpp">
      <Filter>Header Files</Filter>
    </ClInclude>
    <ClInclude Include="Public\ITopLevelASD3D12.h">
      <Filter>Header Files</Filter>
    </ClInclude>
    <ClInclude Include="Public\TopLevelASD3D12Impl.hpp">
      <Filter>Header Files</Filter>
    </ClInclude>
    <ClInclude Include="CompiledShaders\GenerateMips\GenerateMipsGammaCS.h">
      <Filter>Header Files</Filter>
    </ClInclude>
    <ClInclude Include="CompiledShaders\GenerateMips\GenerateMipsGammaOddCS.h">
      <Filter>Header Files</Filter>
    </ClInclude>
    <ClInclude Include="CompiledShaders\GenerateMips\GenerateMipsGammaOddXCS.h">
      <Filter>Header Files</Filter>
    </ClInclude>
    <ClInclude Include="CompiledShaders\GenerateMips\GenerateMipsGammaOddYCS.h">
      <Filter>Header Files</Filter>
    </ClInclude>
    <ClInclude Include="CompiledShaders\GenerateMips\GenerateMipsLinearCS.h">
      <Filter>Header Files</Filter>
    </ClInclude>
    <ClInclude Include="CompiledShaders\GenerateMips\GenerateMipsLinearOddCS.h">
      <Filter>Header Files</Filter>
    </ClInclude>
    <ClInclude Include="CompiledShaders\GenerateMips\GenerateMipsLinearOddXCS.h">
      <Filter>Header Files</Filter>
    </ClInclude>
    <ClInclude Include="CompiledShaders\GenerateMips\GenerateMipsLinearOddYCS.h">
      <Filter>Header Files</Filter>
    </ClInclude>
    <ClInclude Include="Private\BottomLevelASD3D12Impl.hpp">
      <Filter>Header Files</Filter>
    </ClInclude>
    <ClInclude Include="Private\BufferD3D12Impl.hpp">
      <Filter>Header Files</Filter>
    </ClInclude>
    <ClInclude Include="Private\BufferViewD3D12Impl.hpp">
      <Filter>Header Files</Filter>
    </ClInclude>
    <ClInclude Include="Private\CommandContext.hpp">
      <Filter>Header Files</Filter>
    </ClInclude>
    <ClInclude Include="Private\CommandListD3D12Impl.hpp">
      <Filter>Header Files</Filter>
    </ClInclude>
    <ClInclude Include="Private\CommandListManager.hpp">
      <Filter>Header Files</Filter>
    </ClInclude>
    <ClInclude Include="Private\CommandQueueD3D12Impl.hpp">
      <Filter>Header Files</Filter>
    </ClInclude>
    <ClInclude Include="Private\D3D12DynamicHeap.hpp">
      <Filter>Header Files</Filter>
    </ClInclude>
    <ClInclude Include="Private\D3D12Loader.hpp">
      <Filter>Header Files</Filter>
    </ClInclude>
    <ClInclude Include="Private\D3D12ResourceBase.hpp">
      <Filter>Header Files</Filter>
    </ClInclude>
    <ClInclude Include="Private\D3D12TileMappingHelper.hpp">
      <Filter>Header Files</Filter>
    </ClInclude>
    <ClInclude Include="Private\D3D12TypeConversions.hpp">
      <Filter>Header Files</Filter>
    </ClInclude>
    <ClInclude Include="Private\D3D12TypeDefinitions.h">
      <Filter>Header Files</Filter>
    </ClInclude>
    <ClInclude Include="Private\D3D12Utils.h">
      <Filter>Header Files</Filter>
    </ClInclude>
    <ClInclude Include="Private\d3dx12_win.h">
      <Filter>Header Files</Filter>
    </ClInclude>
    <ClInclude Include="Private\DearchiverD3D12Impl.hpp">
      <Filter>Header Files</Filter>
    </ClInclude>
    <ClInclude Include="Private\DescriptorHeap.hpp">
      <Filter>Header Files</Filter>
    </ClInclude>
    <ClInclude Include="Private\DeviceContextD3D12Impl.hpp">
      <Filter>Header Files</Filter>
    </ClInclude>
    <ClInclude Include="Private\DeviceMemoryD3D12Impl.hpp">
      <Filter>Header Files</Filter>
    </ClInclude>
    <ClInclude Include="Private\DeviceObjectArchiveD3D12.hpp">
      <Filter>Header Files</Filter>
    </ClInclude>
    <ClInclude Include="Private\EngineD3D12ImplTraits.hpp">
      <Filter>Header Files</Filter>
    </ClInclude>
    <ClInclude Include="Private\FenceD3D12Impl.hpp">
      <Filter>Header Files</Filter>
    </ClInclude>
    <ClInclude Include="Private\FramebufferD3D12Impl.hpp">
      <Filter>Header Files</Filter>
    </ClInclude>
    <ClInclude Include="Private\GenerateMips.hpp">
      <Filter>Header Files</Filter>
    </ClInclude>
    <ClInclude Include="Private\PipelineResourceAttribsD3D12.hpp">
      <Filter>Header Files</Filter>
    </ClInclude>
    <ClInclude Include="Private\PipelineResourceSignatureD3D12Impl.hpp">
      <Filter>Header Files</Filter>
    </ClInclude>
    <ClInclude Include="Private\PipelineStateCacheD3D12Impl.hpp">
      <Filter>Header Files</Filter>
    </ClInclude>
    <ClInclude Include="Private\PipelineStateD3D12Impl.hpp">
      <Filter>Header Files</Filter>
    </ClInclude>
    <ClInclude Include="Private\QueryD3D12Impl.hpp">
      <Filter>Header Files</Filter>
    </ClInclude>
    <ClInclude Include="Private\QueryManagerD3D12.hpp">
      <Filter>Header Files</Filter>
    </ClInclude>
    <ClInclude Include="Private\RenderDeviceD3D12Impl.hpp">
      <Filter>Header Files</Filter>
    </ClInclude>
    <ClInclude Include="Private\RenderPassD3D12Impl.hpp">
      <Filter>Header Files</Filter>
    </ClInclude>
    <ClInclude Include="Private\RootParamsManager.hpp">
      <Filter>Header Files</Filter>
    </ClInclude>
    <ClInclude Include="Private\RootSignature.hpp">
      <Filter>Header Files</Filter>
    </ClInclude>
    <ClInclude Include="Private\SamplerD3D12Impl.hpp">
      <Filter>Header Files</Filter>
    </ClInclude>
    <ClInclude Include="Private\ShaderBindingTableD3D12Impl.hpp">
      <Filter>Header Files</Filter>
    </ClInclude>
    <ClInclude Include="Private\ShaderD3D12Impl.hpp">
      <Filter>Header Files</Filter>
    </ClInclude>
    <ClInclude Include="Private\ShaderResourceBindingD3D12Impl.hpp">
      <Filter>Header Files</Filter>
    </ClInclude>
    <ClInclude Include="Private\ShaderResourceCacheD3D12.hpp">
      <Filter>Header Files</Filter>
    </ClInclude>
    <ClInclude Include="Private\ShaderResourcesD3D12.hpp">
      <Filter>Header Files</Filter>
    </ClInclude>
    <ClInclude Include="Private\ShaderVariableManagerD3D12.hpp">
      <Filter>Header Files</Filter>
    </ClInclude>
    <ClInclude Include="Private\SwapChainD3D12Impl.hpp">
      <Filter>Header Files</Filter>
    </ClInclude>
    <ClInclude Include="Private\TextureD3D12Impl.hpp">
      <Filter>Header Files</Filter>
    </ClInclude>
    <ClInclude Include="Private\TextureViewD3D12Impl.hpp">
      <Filter>Header Files</Filter>
    </ClInclude>
    <ClInclude Include="Private\TopLevelASD3D12Impl.hpp">
      <Filter>Header Files</Filter>
    </ClInclude>
  </ItemGroup>
  <ItemGroup>
    <ClCompile Include="pch.cpp">
      <Filter>Source Files</Filter>
    </ClCompile>
    <ClCompile Include="Private\BottomLevelASD3D12Impl.cpp">
      <Filter>Source Files</Filter>
    </ClCompile>
    <ClCompile Include="Private\BufferD3D12Impl.cpp">
      <Filter>Source Files</Filter>
    </ClCompile>
    <ClCompile Include="Private\BufferViewD3D12Impl.cpp">
      <Filter>Source Files</Filter>
    </ClCompile>
    <ClCompile Include="Private\CommandContext.cpp">
      <Filter>Source Files</Filter>
    </ClCompile>
    <ClCompile Include="Private\CommandListManager.cpp">
      <Filter>Source Files</Filter>
    </ClCompile>
    <ClCompile Include="Private\CommandQueueD3D12Impl.cpp">
      <Filter>Source Files</Filter>
    </ClCompile>
    <ClCompile Include="Private\D3D12DynamicHeap.cpp">
      <Filter>Source Files</Filter>
    </ClCompile>
    <ClCompile Include="Private\D3D12Loader.cpp">
      <Filter>Source Files</Filter>
    </ClCompile>
    <ClCompile Include="Private\D3D12TypeConversions.cpp">
      <Filter>Source Files</Filter>
    </ClCompile>
    <ClCompile Include="Private\D3D12Utils.cpp">
      <Filter>Source Files</Filter>
    </ClCompile>
    <ClCompile Include="Private\DearchiverD3D12Impl.cpp">
      <Filter>Source Files</Filter>
    </ClCompile>
    <ClCompile Include="Private\DescriptorHeap.cpp">
      <Filter>Source Files</Filter>
    </ClCompile>
    <ClCompile Include="Private\DeviceContextD3D12Impl.cpp">
      <Filter>Source Files</Filter>
    </ClCompile>
    <ClCompile Include="Private\DeviceMemoryD3D12Impl.cpp">
      <Filter>Source Files</Filter>
    </ClCompile>
    <ClCompile Include="Private\DeviceObjectArchiveD3D12.cpp">
      <Filter>Source Files</Filter>
    </ClCompile>
    <ClCompile Include="Private\DLLMain.cpp">
      <Filter>Source Files</Filter>
    </ClCompile>
    <ClCompile Include="Private\EngineFactoryD3D12.cpp">
      <Filter>Source Files</Filter>
    </ClCompile>
    <ClCompile Include="Private\FenceD3D12Impl.cpp">
      <Filter>Source Files</Filter>
    </ClCompile>
    <ClCompile Include="Private\FramebufferD3D12Impl.cpp">
      <Filter>Source Files</Filter>
    </ClCompile>
    <ClCompile Include="Private\GenerateMips.cpp">
      <Filter>Source Files</Filter>
    </ClCompile>
    <ClCompile Include="Private\PipelineResourceSignatureD3D12Impl.cpp">
      <Filter>Source Files</Filter>
    </ClCompile>
    <ClCompile Include="Private\PipelineStateCacheD3D12Impl.cpp">
      <Filter>Source Files</Filter>
    </ClCompile>
    <ClCompile Include="Private\PipelineStateD3D12Impl.cpp">
      <Filter>Source Files</Filter>
    </ClCompile>
    <ClCompile Include="Private\QueryD3D12Impl.cpp">
      <Filter>Source Files</Filter>
    </ClCompile>
    <ClCompile Include="Private\QueryManagerD3D12.cpp">
      <Filter>Source Files</Filter>
    </ClCompile>
    <ClCompile Include="Private\RenderDeviceD3D12Impl.cpp">
      <Filter>Source Files</Filter>
    </ClCompile>
    <ClCompile Include="Private\RenderPassD3D12Impl.cpp">
      <Filter>Source Files</Filter>
    </ClCompile>
    <ClCompile Include="Private\RootParamsManager.cpp">
      <Filter>Source Files</Filter>
    </ClCompile>
    <ClCompile Include="Private\RootSignature.cpp">
      <Filter>Source Files</Filter>
    </ClCompile>
    <ClCompile Include="Private\SamplerD3D12Impl.cpp">
      <Filter>Source Files</Filter>
    </ClCompile>
    <ClCompile Include="Private\ShaderBindingTableD3D12Impl.cpp">
      <Filter>Source Files</Filter>
    </ClCompile>
    <ClCompile Include="Private\ShaderD3D12Impl.cpp">
      <Filter>Source Files</Filter>
    </ClCompile>
    <ClCompile Include="Private\ShaderResourceBindingD3D12Impl.cpp">
      <Filter>Source Files</Filter>
    </ClCompile>
    <ClCompile Include="Private\ShaderResourceCacheD3D12.cpp">
      <Filter>Source Files</Filter>
    </ClCompile>
    <ClCompile Include="Private\ShaderResourcesD3D12.cpp">
      <Filter>Source Files</Filter>
    </ClCompile>
    <ClCompile Include="Private\ShaderVariableManagerD3D12.cpp">
      <Filter>Source Files</Filter>
    </ClCompile>
    <ClCompile Include="Private\SwapChainD3D12Impl.cpp">
      <Filter>Source Files</Filter>
    </ClCompile>
    <ClCompile Include="Private\TextureD3D12Impl.cpp">
      <Filter>Source Files</Filter>
    </ClCompile>
    <ClCompile Include="Private\TextureViewD3D12Impl.cpp">
      <Filter>Source Files</Filter>
    </ClCompile>
    <ClCompile Include="Private\TopLevelASD3D12Impl.cpp">
      <Filter>Source Files</Filter>
    </ClCompile>
  </ItemGroup>
</Project>