<?xml version="1.0" encoding="utf-8"?>
<Project ToolsVersion="4.0" xmlns="http://schemas.microsoft.com/developer/msbuild/2003">
  <ItemGroup>
    <Filter Include="Source Files">
      <UniqueIdentifier>{4FC737F1-C7A5-4376-A066-2A32D752A2FF}</UniqueIdentifier>
      <Extensions>cpp;c;cc;cxx;c++;cppm;ixx;def;odl;idl;hpj;bat;asm;asmx</Extensions>
    </Filter>
    <Filter Include="Header Files">
      <UniqueIdentifier>{93995380-89BD-4b04-88EB-625FBE52EBFB}</UniqueIdentifier>
      <Extensions>h;hh;hpp;hxx;h++;hm;inl;inc;ipp;xsd</Extensions>
    </Filter>
    <Filter Include="Resource Files">
      <UniqueIdentifier>{67DA6AB6-F800-4c08-8B7A-83BB121AAD01}</UniqueIdentifier>
      <Extensions>rc;ico;cur;bmp;dlg;rc2;rct;bin;rgs;gif;jpg;jpeg;jpe;resx;tiff;tif;png;wav;mfcribbon-ms</Extensions>
    </Filter>
  </ItemGroup>
  <ItemGroup>
    <ClInclude Include="pch.h">
      <Filter>Header Files</Filter>
    </ClInclude>
    <ClInclude Include="Public\BufferSuballocator.h">
      <Filter>Header Files</Filter>
    </ClInclude>
    <ClInclude Include="Public\BytecodeCache.h">
      <Filter>Header Files</Filter>
    </ClInclude>
    <ClInclude Include="Public\CommonlyUsedStates.h">
      <Filter>Header Files</Filter>
    </ClInclude>
    <ClInclude Include="Public\DurationQueryHelper.hpp">
      <Filter>Header Files</Filter>
    </ClInclude>
    <ClInclude Include="Public\DynamicBuffer.hpp">
      <Filter>Header Files</Filter>
    </ClInclude>
    <ClInclude Include="Public\DynamicTextureArray.hpp">
      <Filter>Header Files</Filter>
    </ClInclude>
    <ClInclude Include="Public\DynamicTextureAtlas.h">
      <Filter>Header Files</Filter>
    </ClInclude>
    <ClInclude Include="Public\GPUCompletionAwaitQueue.hpp">
      <Filter>Header Files</Filter>
    </ClInclude>
    <ClInclude Include="Public\GraphicsUtilities.h">
      <Filter>Header Files</Filter>
    </ClInclude>
    <ClInclude Include="Public\MapHelper.hpp">
      <Filter>Header Files</Filter>
    </ClInclude>
    <ClInclude Include="Public\OffScreenSwapChain.hpp">
      <Filter>Header Files</Filter>
    </ClInclude>
    <ClInclude Include="Public\RenderStateCache.h">
      <Filter>Header Files</Filter>
    </ClInclude>
    <ClInclude Include="Public\RenderStateCache.hpp">
      <Filter>Header Files</Filter>
    </ClInclude>
    <ClInclude Include="Public\ResourceRegistry.hpp">
      <Filter>Header Files</Filter>
    </ClInclude>
    <ClInclude Include="Public\ScopedDebugGroup.hpp">
      <Filter>Header Files</Filter>
    </ClInclude>
    <ClInclude Include="Public\ScopedQueryHelper.hpp">
      <Filter>Header Files</Filter>
    </ClInclude>
    <ClInclude Include="Public\ScreenCapture.hpp">
      <Filter>Header Files</Filter>
    </ClInclude>
    <ClInclude Include="Public\ShaderMacroHelper.hpp">
      <Filter>Header Files</Filter>
    </ClInclude>
    <ClInclude Include="Public\ShaderSourceFactoryUtils.h">
      <Filter>Header Files</Filter>
    </ClInclude>
    <ClInclude Include="Public\ShaderSourceFactoryUtils.hpp">
      <Filter>Header Files</Filter>
    </ClInclude>
    <ClInclude Include="Public\StreamingBuffer.hpp">
      <Filter>Header Files</Filter>
    </ClInclude>
    <ClInclude Include="Public\TextureUploader.hpp">
      <Filter>Header Files</Filter>
    </ClInclude>
    <ClInclude Include="Public\TextureUploaderBase.hpp">
      <Filter>Header Files</Filter>
    </ClInclude>
    <ClInclude Include="Public\TextureUploaderD3D12_Vk.hpp">
      <Filter>Header Files</Filter>
    </ClInclude>
    <ClInclude Include="Public\VertexPool.h">
      <Filter>Header Files</Filter>
    </ClInclude>
    <ClInclude Include="Public\VertexPoolX.hpp">
      <Filter>Header Files</Filter>
    </ClInclude>
    <ClInclude Include="Public\XXH128Hasher.hpp">
      <Filter>Header Files</Filter>
    </ClInclude>
    <ClInclude Include="Private\AsyncPipelineState.hpp">
      <Filter>Header Files</Filter>
    </ClInclude>
    <ClInclude Include="Private\ProxyPipelineState.hpp">
      <Filter>Header Files</Filter>
    </ClInclude>
    <ClInclude Include="Private\ReloadablePipelineState.hpp">
      <Filter>Header Files</Filter>
    </ClInclude>
    <ClInclude Include="Private\ReloadableShader.hpp">
      <Filter>Header Files</Filter>
    </ClInclude>
    <ClInclude Include="Private\RenderStateCacheImpl.hpp">
      <Filter>Header Files</Filter>
    </ClInclude>
  </ItemGroup>
  <ItemGroup>
    <ClCompile Include="pch.cpp">
      <Filter>Source Files</Filter>
    </ClCompile>
    <ClCompile Include="Private\AsyncPipelineState.cpp">
      <Filter>Source Files</Filter>
    </ClCompile>
    <ClCompile Include="Private\BufferSuballocator.cpp">
      <Filter>Source Files</Filter>
    </ClCompile>
    <ClCompile Include="Private\BytecodeCache.cpp">
      <Filter>Source Files</Filter>
    </ClCompile>
    <ClCompile Include="Private\DurationQueryHelper.cpp">
      <Filter>Source Files</Filter>
    </ClCompile>
    <ClCompile Include="Private\DynamicBuffer.cpp">
      <Filter>Source Files</Filter>
    </ClCompile>
    <ClCompile Include="Private\DynamicTextureArray.cpp">
      <Filter>Source Files</Filter>
    </ClCompile>
    <ClCompile Include="Private\DynamicTextureAtlas.cpp">
      <Filter>Source Files</Filter>
    </ClCompile>
    <ClCompile Include="Private\GraphicsUtilities.cpp">
      <Filter>Source Files</Filter>
    </ClCompile>
    <ClCompile Include="Private\GraphicsUtilitiesD3D12.cpp">
      <Filter>Source Files</Filter>
    </ClCompile>
    <ClCompile Include="Private\GraphicsUtilitiesGL.cpp">
      <Filter>Source Files</Filter>
    </ClCompile>
    <ClCompile Include="Private\OffScreenSwapChain.cpp">
      <Filter>Source Files</Filter>
    </ClCompile>
    <ClCompile Include="Private\ReloadablePipelineState.cpp">
      <Filter>Source Files</Filter>
    </ClCompile>
    <ClCompile Include="Private\ReloadableShader.cpp">
      <Filter>Source Files</Filter>
    </ClCompile>
    <ClCompile Include="Private\RenderStateCacheImpl.cpp">
      <Filter>Source Files</Filter>
    </ClCompile>
    <ClCompile Include="Private\ScopedQueryHelper.cpp">
      <Filter>Source Files</Filter>
    </ClCompile>
    <ClCompile Include="Private\ScreenCapture.cpp">
      <Filter>Source Files</Filter>
    </ClCompile>
    <ClCompile Include="Private\ShaderSourceFactoryUtils.cpp">
      <Filter>Source Files</Filter>
    </ClCompile>
    <ClCompile Include="Private\TextureUploader.cpp">
      <Filter>Source Files</Filter>
    </ClCompile>
    <ClCompile Include="Private\TextureUploaderD3D12_Vk.cpp">
      <Filter>Source Files</Filter>
    </ClCompile>
    <ClCompile Include="Private\VertexPool.cpp">
      <Filter>Source Files</Filter>
    </ClCompile>
    <ClCompile Include="Private\XXH128Hasher.cpp">
      <Filter>Source Files</Filter>
    </ClCompile>
  </ItemGroup>
  <ItemGroup>
    <None Include="Private\GraphicsUtilitiesMtl.mm" />
  </ItemGroup>
</Project>