<?xml version="1.0" encoding="utf-8"?>
<Project ToolsVersion="4.0" xmlns="http://schemas.microsoft.com/developer/msbuild/2003">
  <ItemGroup>
    <Filter Include="Source Files">
      <UniqueIdentifier>{4FC737F1-C7A5-4376-A066-2A32D752A2FF}</UniqueIdentifier>
      <Extensions>cpp;c;cc;cxx;c++;cppm;ixx;def;odl;idl;hpj;bat;asm;asmx</Extensions>
    </Filter>
    <Filter Include="Header Files">
      <UniqueIdentifier>{93995380-89BD-4b04-88EB-625FBE52EBFB}</UniqueIdentifier>
      <Extensions>h;hh;hpp;hxx;h++;hm;inl;inc;ipp;xsd</Extensions>
    </Filter>
    <Filter Include="Resource Files">
      <UniqueIdentifier>{67DA6AB6-F800-4c08-8B7A-83BB121AAD01}</UniqueIdentifier>
      <Extensions>rc;ico;cur;bmp;dlg;rc2;rct;bin;rgs;gif;jpg;jpeg;jpe;resx;tiff;tif;png;wav;mfcribbon-ms</Extensions>
    </Filter>
  </ItemGroup>
  <ItemGroup>
    <ClInclude Include="pch.h">
      <Filter>Header Files</Filter>
    </ClInclude>
    <ClInclude Include="Common\Public\Array2DTools.hpp">
      <Filter>Header Files</Filter>
    </ClInclude>
    <ClInclude Include="Common\Public\AsyncInitializer.hpp">
      <Filter>Header Files</Filter>
    </ClInclude>
    <ClInclude Include="Common\Public\BasicFileStream.hpp">
      <Filter>Header Files</Filter>
    </ClInclude>
    <ClInclude Include="Common\Public\CallbackWrapper.hpp">
      <Filter>Header Files</Filter>
    </ClInclude>
    <ClInclude Include="Common\Public\Cast.hpp">
      <Filter>Header Files</Filter>
    </ClInclude>
    <ClInclude Include="Memory\Public\DataBlobImpl.hpp">
      <Filter>Header Files</Filter>
    </ClInclude>
    <ClInclude Include="Memory\Public\DefaultRawMemoryAllocator.hpp">
      <Filter>Header Files</Filter>
    </ClInclude>
    <ClInclude Include="Common\Public\DummyReferenceCounters.hpp">
      <Filter>Header Files</Filter>
    </ClInclude>
    <ClInclude Include="Memory\Public\DynamicLinearAllocator.hpp">
      <Filter>Header Files</Filter>
    </ClInclude>
    <ClInclude Include="Memory\Public\EngineMemory.h">
      <Filter>Header Files</Filter>
    </ClInclude>
    <ClInclude Include="Common\Public\FastRand.hpp">
      <Filter>Header Files</Filter>
    </ClInclude>
    <ClInclude Include="Common\Public\FileWrapper.hpp">
      <Filter>Header Files</Filter>
    </ClInclude>
    <ClInclude Include="Common\Public\FilteringTools.hpp">
      <Filter>Header Files</Filter>
    </ClInclude>
    <ClInclude Include="Memory\Public\FixedBlockMemoryAllocator.hpp">
      <Filter>Header Files</Filter>
    </ClInclude>
    <ClInclude Include="Memory\Public\FixedLinearAllocator.hpp">
      <Filter>Header Files</Filter>
    </ClInclude>
    <ClInclude Include="Common\Public\GeometryPrimitives.h">
      <Filter>Header Files</Filter>
    </ClInclude>
    <ClInclude Include="Common\Public\HashUtils.hpp">
      <Filter>Header Files</Filter>
    </ClInclude>
    <ClInclude Include="Common\Public\ImageTools.h">
      <Filter>Header Files</Filter>
    </ClInclude>
    <ClInclude Include="Common\Public\LRUCache.hpp">
      <Filter>Header Files</Filter>
    </ClInclude>
    <ClInclude Include="Common\Public\MemoryFileStream.hpp">
      <Filter>Header Files</Filter>
    </ClInclude>
    <ClInclude Include="Common\Public\ObjectBase.hpp">
      <Filter>Header Files</Filter>
    </ClInclude>
    <ClInclude Include="Common\Public\ObjectsRegistry.hpp">
      <Filter>Header Files</Filter>
    </ClInclude>
    <ClInclude Include="Common\Public\ParsingTools.hpp">
      <Filter>Header Files</Filter>
    </ClInclude>
    <ClInclude Include="Common\Public\ProxyDataBlob.hpp">
      <Filter>Header Files</Filter>
    </ClInclude>
    <ClInclude Include="Common\Public\RefCntAutoPtr.hpp">
      <Filter>Header Files</Filter>
    </ClInclude>
    <ClInclude Include="Common\Public\RefCntContainer.hpp">
      <Filter>Header Files</Filter>
    </ClInclude>
    <ClInclude Include="Common\Public\RefCountedObjectImpl.hpp">
      <Filter>Header Files</Filter>
    </ClInclude>
    <ClInclude Include="Common\Public\Serializer.hpp">
      <Filter>Header Files</Filter>
    </ClInclude>
    <ClInclude Include="Common\Public\SpinLock.hpp">
      <Filter>Header Files</Filter>
    </ClInclude>
    <ClInclude Include="Memory\Public\STDAllocator.hpp">
      <Filter>Header Files</Filter>
    </ClInclude>
    <ClInclude Include="Common\Public\StringDataBlobImpl.hpp">
      <Filter>Header Files</Filter>
    </ClInclude>
    <ClInclude Include="Common\Public\StringPool.hpp">
      <Filter>Header Files</Filter>
    </ClInclude>
    <ClInclude Include="Common\Public\StringTools.h">
      <Filter>Header Files</Filter>
    </ClInclude>
    <ClInclude Include="Common\Public\StringTools.hpp">
      <Filter>Header Files</Filter>
    </ClInclude>
    <ClInclude Include="Common\Public\ThreadPool.h">
      <Filter>Header Files</Filter>
    </ClInclude>
    <ClInclude Include="Common\Public\ThreadPool.hpp">
      <Filter>Header Files</Filter>
    </ClInclude>
    <ClInclude Include="Common\Public\ThreadSignal.hpp">
      <Filter>Header Files</Filter>
    </ClInclude>
    <ClInclude Include="Common\Public\Timer.hpp">
      <Filter>Header Files</Filter>
    </ClInclude>
    <ClInclude Include="Common\Public\UniqueIdentifier.hpp">
      <Filter>Header Files</Filter>
    </ClInclude>
    <ClInclude Include="Common\Public\BasicFileSystem.hpp">
      <Filter>Header Files</Filter>
    </ClInclude>
    <ClInclude Include="Common\Public\BasicPlatformMisc.hpp">
      <Filter>Header Files</Filter>
    </ClInclude>
    <ClInclude Include="Common\Public\StandardFile.hpp">
      <Filter>Header Files</Filter>
    </ClInclude>
    <ClInclude Include="Math\Public\Matrix3x3.h">
      <Filter>Header Files</Filter>
    </ClInclude>
    <ClInclude Include="Math\Public\Matrix4x3.h">
      <Filter>Header Files</Filter>
    </ClInclude>
    <ClInclude Include="Math\Public\Matrix4x4.h">
      <Filter>Header Files</Filter>
    </ClInclude>
    <ClInclude Include="Math\Public\Quaternion.h">
      <Filter>Header Files</Filter>
    </ClInclude>
    <ClInclude Include="Math\Public\Common.h">
      <Filter>Header Files</Filter>
    </ClInclude>
    <ClInclude Include="Math\Public\Vector2.h">
      <Filter>Header Files</Filter>
    </ClInclude>
    <ClInclude Include="Math\Public\Vector3.h">
      <Filter>Header Files</Filter>
    </ClInclude>
    <ClInclude Include="Math\Public\Vector4.h">
      <Filter>Header Files</Filter>
    </ClInclude>
    <ClInclude Include="Math\Public\XMatrix.h">
      <Filter>Header Files</Filter>
    </ClInclude>
    <ClInclude Include="Math\Public\XVector.h">
      <Filter>Header Files</Filter>
    </ClInclude>
    <ClInclude Include="Math\Public\XVector_SSE.h">
      <Filter>Header Files</Filter>
    </ClInclude>
    <ClInclude Include="Math\Public\Constants.h">
      <Filter>Header Files</Filter>
    </ClInclude>
    <ClInclude Include="Math\Math.h">
      <Filter>Header Files</Filter>
    </ClInclude>
    <ClInclude Include="Memory\Public\ArenaAllocator.h">
      <Filter>Header Files</Filter>
    </ClInclude>
    <ClInclude Include="Memory\Public\ObjectPool.h">
      <Filter>Header Files</Filter>
    </ClInclude>
    <ClInclude Include="Memory\Public\PagedMemoryPool.h">
      <Filter>Header Files</Filter>
    </ClInclude>
    <ClInclude Include="Runtime\Public\SampleBase.h">
      <Filter>Header Files</Filter>
    </ClInclude>
    <ClInclude Include="Runtime\Public\AppBase.h">
      <Filter>Header Files</Filter>
    </ClInclude>
    <ClInclude Include="Runtime\Public\InputController.h">
      <Filter>Header Files</Filter>
    </ClInclude>
    <ClInclude Include="Runtime\Public\InputControllerWin64.h">
      <Filter>Header Files</Filter>
    </ClInclude>
    <ClInclude Include="Runtime\Public\SampleApp.h">
      <Filter>Header Files</Filter>
    </ClInclude>
    <ClInclude Include="Runtime\Public\InputControllerBase.h">
      <Filter>Header Files</Filter>
    </ClInclude>
    <ClInclude Include="Runtime\Public\CommandLineParser.hpp">
      <Filter>Header Files</Filter>
    </ClInclude>
    <ClInclude Include="Runtime\Public\NativeAppBase.hpp">
      <Filter>Header Files</Filter>
    </ClInclude>
    <ClInclude Include="Runtime\Public\AppBaseWin64.h">
      <Filter>Header Files</Filter>
    </ClInclude>
    <ClInclude Include="Runtime\Resources\Win64AppResource.h">
      <Filter>Header Files</Filter>
    </ClInclude>
    <ClInclude Include="Math\Public\Matrix2x2.h">
      <Filter>Header Files</Filter>
    </ClInclude>
    <ClInclude Include="Math\Public\Box.h">
      <Filter>Header Files</Filter>
    </ClInclude>
    <ClInclude Include="Common\Public\DebugOutput.h">
      <Filter>Header Files</Filter>
    </ClInclude>
    <ClInclude Include="Common\Public\Errors.hpp">
      <Filter>Header Files</Filter>
    </ClInclude>
    <ClInclude Include="Math\Public\ViewFrustum.h">
      <Filter>Header Files</Filter>
    </ClInclude>
    <ClInclude Include="Math\Public\Plane.h">
      <Filter>Header Files</Filter>
    </ClInclude>
    <ClInclude Include="Math\Public\OrientedBox.h">
      <Filter>Header Files</Filter>
    </ClInclude>
  </ItemGroup>
  <ItemGroup>
    <ClCompile Include="pch.cpp">
      <Filter>Source Files</Filter>
    </ClCompile>
    <ClCompile Include="Common\Private\BasicFileStream.cpp">
      <Filter>Source Files</Filter>
    </ClCompile>
    <ClCompile Include="Common\Private\Array2DTools.cpp">
      <Filter>Source Files</Filter>
    </ClCompile>
    <ClCompile Include="Memory\Private\DataBlobImpl.cpp">
      <Filter>Source Files</Filter>
    </ClCompile>
    <ClCompile Include="Memory\Private\DefaultRawMemoryAllocator.cpp">
      <Filter>Source Files</Filter>
    </ClCompile>
    <ClCompile Include="Memory\Private\EngineMemory.cpp">
      <Filter>Source Files</Filter>
    </ClCompile>
    <ClCompile Include="Common\Private\FileWrapper.cpp">
      <Filter>Source Files</Filter>
    </ClCompile>
    <ClCompile Include="Memory\Private\FixedBlockMemoryAllocator.cpp">
      <Filter>Source Files</Filter>
    </ClCompile>
    <ClCompile Include="Common\Private\GeometryPrimitives.cpp">
      <Filter>Source Files</Filter>
    </ClCompile>
    <ClCompile Include="Common\Private\MemoryFileStream.cpp">
      <Filter>Source Files</Filter>
    </ClCompile>
    <ClCompile Include="Common\Private\ImageTools.cpp">
      <Filter>Source Files</Filter>
    </ClCompile>
    <ClCompile Include="Common\Private\Serializer.cpp">
      <Filter>Source Files</Filter>
    </ClCompile>
    <ClCompile Include="Common\Private\ThreadPool.cpp">
      <Filter>Source Files</Filter>
    </ClCompile>
    <ClCompile Include="Common\Private\Timer.cpp">
      <Filter>Source Files</Filter>
    </ClCompile>
    <ClCompile Include="Common\Private\BasicFileSystem.cpp">
      <Filter>Source Files</Filter>
    </ClCompile>
    <ClCompile Include="Common\Private\BasicPlatformMisc.cpp">
      <Filter>Source Files</Filter>
    </ClCompile>
    <ClCompile Include="Common\Private\StandardFile.cpp">
      <Filter>Source Files</Filter>
    </ClCompile>
    <ClCompile Include="Common\Private\SpinLock.cpp">
      <Filter>Source Files</Filter>
    </ClCompile>
    <ClCompile Include="Memory\Private\ArenaAllocator.cpp">
      <Filter>Source Files</Filter>
    </ClCompile>
    <ClCompile Include="Memory\Private\PagedMemoryPool.cpp">
      <Filter>Source Files</Filter>
    </ClCompile>
    <ClCompile Include="Runtime\Private\InputControllerWin64.cpp">
      <Filter>Source Files</Filter>
    </ClCompile>
    <ClCompile Include="Runtime\Private\SampleApp.cpp">
      <Filter>Source Files</Filter>
    </ClCompile>
    <ClCompile Include="Runtime\Private\SampleAppWin64.cpp">
      <Filter>Source Files</Filter>
    </ClCompile>
    <ClCompile Include="Runtime\Private\SampleBase.cpp">
      <Filter>Source Files</Filter>
    </ClCompile>
    <ClCompile Include="Common\Private\DebugOutput.cpp">
      <Filter>Source Files</Filter>
    </ClCompile>
  </ItemGroup>
  <ItemGroup>
    <None Include="Common\Public\SearchRecursive.inl">
      <Filter>Header Files</Filter>
    </None>
    <None Include="packages.config" />
  </ItemGroup>
  <ItemGroup>
    <Image Include="Runtime\Resources\directx11-logo.bmp">
      <Filter>Resource Files</Filter>
    </Image>
    <Image Include="Runtime\Resources\directx12-logo.bmp">
      <Filter>Resource Files</Filter>
    </Image>
    <Image Include="Runtime\Resources\opengl-logo.bmp">
      <Filter>Resource Files</Filter>
    </Image>
    <Image Include="Runtime\Resources\vulkan-logo.bmp">
      <Filter>Resource Files</Filter>
    </Image>
    <Image Include="Runtime\Resources\webgpu-logo.bmp">
      <Filter>Resource Files</Filter>
    </Image>
  </ItemGroup>
  <ItemGroup>
    <ResourceCompile Include="Runtime\Resources\Win64AppResource.rc">
      <Filter>Resource Files</Filter>
    </ResourceCompile>
  </ItemGroup>
</Project>